
Microsoft Visual Studio Solution File, Format Version 12.00
# Visual Studio Version 16
VisualStudioVersion = 16.0.31410.357
MinimumVisualStudioVersion = 10.0.40219.1
Project("{9A19103F-16F7-4668-BE54-9A1E7A4F7556}") = "Shop", "Shop.csproj", "{1BAEFA20-C948-49BE-A206-738A713606BE}"
EndProject
Global
	GlobalSection(SolutionConfigurationPlatforms) = preSolution
		Debug|Any CPU = Debug|Any CPU
		Release|Any CPU = Release|Any CPU
	EndGlobalSection
	GlobalSection(ProjectConfigurationPlatforms) = postSolution
		{1BAEFA20-C948-49BE-A206-738A713606BE}.Debug|Any CPU.ActiveCfg = Debug|Any CPU
		{1BAEFA20-C948-49BE-A206-738A713606BE}.Debug|Any CPU.Build.0 = Debug|Any CPU
		{1BAEFA20-C948-49BE-A206-738A713606BE}.Release|Any CPU.ActiveCfg = Release|Any CPU
		{1BAEFA20-C948-49BE-A206-738A713606BE}.Release|Any CPU.Build.0 = Release|Any CPU
	EndGlobalSection
	GlobalSection(SolutionProperties) = preSolution
		HideSolutionNode = FALSE
	EndGlobalSection
	GlobalSection(ExtensibilityGlobals) = postSolution
		SolutionGuid = {F4795923-8949-45AB-AC38-E565F0E0E6DC}
	EndGlobalSection
EndGlobal
